Microsoft Visual Studio Solution File, Format Version 7.00
Project("{8BC9CEB8-8B4A-11D0-8D11-00A0C91BC942}") = "PCProject", "PCProject\PCProject.vcproj", "{A6BF9278-4FA6-44E8-A50A-0796337E0A42}"
EndProject
Global
	GlobalSection(SolutionConfiguration) = preSolution
		ConfigName.0 = Debug
		ConfigName.1 = Release
	EndGlobalSection
	GlobalSection(ProjectDependencies) = postSolution
	EndGlobalSection
	GlobalSection(ProjectConfiguration) = postSolution
		{A6BF9278-4FA6-44E8-A50A-0796337E0A42}.Debug.ActiveCfg = Debug|Win32
		{A6BF9278-4FA6-44E8-A50A-0796337E0A42}.Debug.Build.0 = Debug|Win32
		{A6BF9278-4FA6-44E8-A50A-0796337E0A42}.Release.ActiveCfg = Release|Win32
		{A6BF9278-4FA6-44E8-A50A-0796337E0A42}.Release.Build.0 = Release|Win32
	EndGlobalSection
	GlobalSection(ExtensibilityGlobals) = postSolution
	EndGlobalSection
	GlobalSection(ExtensibilityAddIns) = postSolution
	EndGlobalSection
EndGlobal
